
Microsoft Visual Studio Solution File, Format Version 12.00
# Visual Studio 14
VisualStudioVersion = 14.0.25123.0
MinimumVisualStudioVersion = 10.0.40219.1
Project("{FAE04EC0-301F-11D3-BF4B-00C04F79EFBC}") = "StoreFrontOW", "StoreFrontOW\StoreFrontOW.csproj", "{4249C712-3C32-4C57-95D9-D7B04E6D34AA}"
EndProject
Global
	GlobalSection(SolutionConfigurationPlatforms) = preSolution
		Debug|Any CPU = Debug|Any CPU
		Release|Any CPU = Release|Any CPU
	EndGlobalSection
	GlobalSection(ProjectConfigurationPlatforms) = postSolution
		{4249C712-3C32-4C57-95D9-D7B04E6D34AA}.Debug|Any CPU.ActiveCfg = Debug|Any CPU
		{4249C712-3C32-4C57-95D9-D7B04E6D34AA}.Debug|Any CPU.Build.0 = Debug|Any CPU
		{4249C712-3C32-4C57-95D9-D7B04E6D34AA}.Release|Any CPU.ActiveCfg = Release|Any CPU
		{4249C712-3C32-4C57-95D9-D7B04E6D34AA}.Release|Any CPU.Build.0 = Release|Any CPU
	EndGlobalSection
	GlobalSection(SolutionProperties) = preSolution
		HideSolutionNode = FALSE
	EndGlobalSection
EndGlobal
